
Microsoft Visual Studio Solution File, Format Version 12.00
# Visual Studio Version 17
VisualStudioVersion = 17.3.32901.215
MinimumVisualStudioVersion = 10.0.40219.1
Project("{FAE04EC0-301F-11D3-BF4B-00C04F79EFBC}") = "string_vs_stringBuilder", "string_vs_stringBuilder\string_vs_stringBuilder.csproj", "{D786DCF3-ACAA-4B9B-943D-76E828E5C86D}"
EndProject
Global
	GlobalSection(SolutionConfigurationPlatforms) = preSolution
		Debug|Any CPU = Debug|Any CPU
		Release|Any CPU = Release|Any CPU
	EndGlobalSection
	GlobalSection(ProjectConfigurationPlatforms) = postSolution
		{D786DCF3-ACAA-4B9B-943D-76E828E5C86D}.Debug|Any CPU.ActiveCfg = Debug|Any CPU
		{D786DCF3-ACAA-4B9B-943D-76E828E5C86D}.Debug|Any CPU.Build.0 = Debug|Any CPU
		{D786DCF3-ACAA-4B9B-943D-76E828E5C86D}.Release|Any CPU.ActiveCfg = Release|Any CPU
		{D786DCF3-ACAA-4B9B-943D-76E828E5C86D}.Release|Any CPU.Build.0 = Release|Any CPU
	EndGlobalSection
	GlobalSection(SolutionProperties) = preSolution
		HideSolutionNode = FALSE
	EndGlobalSection
	GlobalSection(ExtensibilityGlobals) = postSolution
		SolutionGuid = {21DF00B4-9F4D-498D-9BF0-2F485A4DB264}
	EndGlobalSection
EndGlobal
